
Microsoft Visual Studio Solution File, Format Version 12.00
# Visual Studio Version 17
VisualStudioVersion = 17.7.34221.43
MinimumVisualStudioVersion = 10.0.40219.1
Project("{FAE04EC0-301F-11D3-BF4B-00C04F79EFBC}") = "WebApp", "WebApp\WebApp.csproj", "{908EC77C-7E12-4A31-93CB-AC589F037EEE}"
EndProject
Global
	GlobalSection(SolutionConfigurationPlatforms) = preSolution
		Debug|Any CPU = Debug|Any CPU
		Release|Any CPU = Release|Any CPU
	EndGlobalSection
	GlobalSection(ProjectConfigurationPlatforms) = postSolution
		{908EC77C-7E12-4A31-93CB-AC589F037EEE}.Debug|Any CPU.ActiveCfg = Debug|Any CPU
		{908EC77C-7E12-4A31-93CB-AC589F037EEE}.Debug|Any CPU.Build.0 = Debug|Any CPU
		{908EC77C-7E12-4A31-93CB-AC589F037EEE}.Release|Any CPU.ActiveCfg = Release|Any CPU
		{908EC77C-7E12-4A31-93CB-AC589F037EEE}.Release|Any CPU.Build.0 = Release|Any CPU
	EndGlobalSection
	GlobalSection(SolutionProperties) = preSolution
		HideSolutionNode = FALSE
	EndGlobalSection
	GlobalSection(ExtensibilityGlobals) = postSolution
		SolutionGuid = {45B8116C-AEEE-4775-9DB0-D34CD17202BD}
	EndGlobalSection
EndGlobal
